
Microsoft Visual Studio Solution File, Format Version 12.00
# Visual Studio Version 17
VisualStudioVersion = 17.11.35327.3
MinimumVisualStudioVersion = 10.0.40219.1
Project("{FAE04EC0-301F-11D3-BF4B-00C04F79EFBC}") = "GraphicPrimitives", "GraphicPrimitives\GraphicPrimitives.csproj", "{BD5FFA6C-1306-4E41-9191-6F8B136073ED}"
EndProject
Global
	GlobalSection(SolutionConfigurationPlatforms) = preSolution
		Debug|Any CPU = Debug|Any CPU
		Release|Any CPU = Release|Any CPU
	EndGlobalSection
	GlobalSection(ProjectConfigurationPlatforms) = postSolution
		{BD5FFA6C-1306-4E41-9191-6F8B136073ED}.Debug|Any CPU.ActiveCfg = Debug|Any CPU
		{BD5FFA6C-1306-4E41-9191-6F8B136073ED}.Debug|Any CPU.Build.0 = Debug|Any CPU
		{BD5FFA6C-1306-4E41-9191-6F8B136073ED}.Release|Any CPU.ActiveCfg = Release|Any CPU
		{BD5FFA6C-1306-4E41-9191-6F8B136073ED}.Release|Any CPU.Build.0 = Release|Any CPU
	EndGlobalSection
	GlobalSection(SolutionProperties) = preSolution
		HideSolutionNode = FALSE
	EndGlobalSection
	GlobalSection(ExtensibilityGlobals) = postSolution
		SolutionGuid = {D376F48F-8D6E-461C-A6EB-AE1B57881B8F}
	EndGlobalSection
EndGlobal
